lockfileVersion: '9.0'

settings:
  autoInstallPeers: true
  excludeLinksFromLockfile: false

importers:

  .:
    devDependencies:
      typescript:
        specifier: ^5.9.3
        version: 5.9.3

  packages/auth:
    dependencies:
      '@noble/ed25519':
        specifier: ^3.0.0
        version: 3.1.0
      '@noble/hashes':
        specifier: ^2.0.0
        version: 2.3.0
      '@zesterm/proto':
        specifier: workspace:*
        version: link:../proto
    devDependencies:
      '@types/node':
        specifier: ^24.10.1
        version: 24.13.3
      typescript:
        specifier: ^5.9.3
        version: 5.9.3

  packages/client:
    dependencies:
      '@zesterm/auth':
        specifier: workspace:*
        version: link:../auth
      '@zesterm/proto':
        specifier: workspace:*
        version: link:../proto
    devDependencies:
      '@noble/ed25519':
        specifier: ^3.0.0
        version: 3.1.0
      '@noble/hashes':
        specifier: ^2.0.0
        version: 2.3.0
      '@types/node':
        specifier: ^24.10.1
        version: 24.13.3
      typescript:
        specifier: ^5.9.3
        version: 5.9.3

  packages/control:
    dependencies:
      '@sigx/actors':
        specifier: ^0.7.0
        version: 0.7.0(@sigx/reactivity@0.15.3)(@sigx/runtime-core@0.15.3)(@sigx/serialize@0.15.3)(@sigx/server@0.15.3)
    devDependencies:
      '@types/node':
        specifier: ^24.10.1
        version: 24.13.3
      typescript:
        specifier: ^5.9.3
        version: 5.9.3

  packages/input:
    dependencies:
      '@zesterm/proto':
        specifier: workspace:*
        version: link:../proto
    devDependencies:
      '@types/node':
        specifier: ^24.10.1
        version: 24.13.3
      typescript:
        specifier: ^5.9.3
        version: 5.9.3

  packages/proto:
    devDependencies:
      '@types/node':
        specifier: ^24.10.1
        version: 24.13.3
      typescript:
        specifier: ^5.9.3
        version: 5.9.3

  packages/render:
    dependencies:
      '@zesterm/proto':
        specifier: workspace:*
        version: link:../proto
      '@zesterm/theme':
        specifier: workspace:*
        version: link:../theme
    devDependencies:
      '@types/node':
        specifier: ^24.10.1
        version: 24.13.3
      typescript:
        specifier: ^5.9.3
        version: 5.9.3

  packages/sidecar:
    dependencies:
      '@sigx/actors':
        specifier: ^0.7.0
        version: 0.7.0(@sigx/reactivity@0.15.3)(@sigx/runtime-core@0.15.3)(@sigx/serialize@0.15.3)(@sigx/server@0.15.3)
      '@sigx/actors-ws':
        specifier: ^0.7.0
        version: 0.7.0(@sigx/actors@0.7.0(@sigx/reactivity@0.15.3)(@sigx/runtime-core@0.15.3)(@sigx/serialize@0.15.3)(@sigx/server@0.15.3))(ws@8.21.3)
      '@zesterm/auth':
        specifier: workspace:*
        version: link:../auth
      '@zesterm/client':
        specifier: workspace:*
        version: link:../client
      '@zesterm/control':
        specifier: workspace:*
        version: link:../control
      '@zesterm/proto':
        specifier: workspace:*
        version: link:../proto
      ws:
        specifier: ^8.18.0
        version: 8.21.3
    devDependencies:
      '@noble/ed25519':
        specifier: ^3.0.0
        version: 3.1.0
      '@noble/hashes':
        specifier: ^2.0.0
        version: 2.3.0
      '@types/node':
        specifier: ^24.10.1
        version: 24.13.3
      '@types/ws':
        specifier: ^8.18.0
        version: 8.18.1
      typescript:
        specifier: ^5.9.3
        version: 5.9.3

  packages/theme:
    devDependencies:
      '@types/node':
        specifier: ^24.10.1
        version: 24.13.3
      typescript:
        specifier: ^5.9.3
        version: 5.9.3

packages:

  '@noble/ed25519@3.1.0':
    resolution: {integrity: sha512-pfcObRY3CtvwfaG9Mt5XqZdKmAQppl37tHUeuBhDUbiwJBCVY4/A4lbMvb1xKhMDx96AqAqZpMWuBX1HulhX4g==}

  '@noble/hashes@2.3.0':
    resolution: {integrity: sha512-oN+QwyX7VSHotibwubG3kpzbwKrfnyR6OOO+3Nk/53ADL7FmgHHz4TgrbaYKvvOw09u6QTx0oiH1cNCIOuN0CQ==}
    engines: {node: '>= 20.19.0'}

  '@sigx/actors-ws@0.7.0':
    resolution: {integrity: sha512-Pqc8lAOxQvM7x+9RF/KDiwySdAsAuO8bBGtjHSVQJ6InlAM2iKvjYehzOa8lcUhPzg/Dkdnr1WhgFHvgpG1o1w==}
    engines: {node: ^20.19.0 || >=22.12.0}
    peerDependencies:
      '@sigx/actors': ^0.7.0
      ws: '>=8'
    peerDependenciesMeta:
      ws:
        optional: true

  '@sigx/actors@0.7.0':
    resolution: {integrity: sha512-+sYFoHPwO4AW/ky4GuyeMrrxHOT7Gh49dQSconXZwfbgAVW7PmM2mObAZsaTh0vBomif/g16p3I6sdRHxqDhsg==}
    engines: {node: ^20.19.0 || >=22.12.0}
    peerDependencies:
      '@sigx/reactivity': ^0.15.3
      '@sigx/runtime-core': ^0.15.0
      '@sigx/serialize': ^0.15.0
      '@sigx/server': ^0.15.0
      '@sigx/vite': ^0.15.0
      vite: '>=6'
    peerDependenciesMeta:
      '@sigx/runtime-core':
        optional: true
      '@sigx/vite':
        optional: true
      vite:
        optional: true

  '@sigx/reactivity@0.15.3':
    resolution: {integrity: sha512-OHCkOe+ALpbTMeEoBVlR0LkXDotlydtfck+qYt21bNGqsQBmnUrQsHpHI4l+zRx7UOxcm73f4JMXm4DIzLqQIQ==}
    engines: {node: ^20.19.0 || >=22.12.0}

  '@sigx/runtime-core@0.15.3':
    resolution: {integrity: sha512-hkkiag2cwwvfSKwNTu0Kvf9paL9jQPlDR20vzJbCrmDOUUPB+N6I41Vj87jSIXXNXWsTnypeVWQ584AxR5ybhw==}
    engines: {node: ^20.19.0 || >=22.12.0}

  '@sigx/runtime-dom@0.15.3':
    resolution: {integrity: sha512-Y+XFhZhQfeex8W+kCrKdeLuFX/uxPRDhHG9+toCQO2QFr7QtH7tnp0a1l9po639YZDKBlzvmb0vB8OuGu81DfA==}
    engines: {node: ^20.19.0 || >=22.12.0}

  '@sigx/serialize@0.15.3':
    resolution: {integrity: sha512-93KwiHu7i/Y7VFkGpmOnMZV68ordBiIqX7xi62V7RywKFWjMeTeY8QSy+TMtcuMnSlJTLMuk6JS8ml4QC353iQ==}

  '@sigx/server@0.15.3':
    resolution: {integrity: sha512-zjn0O9jTdoAcqbeXO70kUqxd8VOBwBybzrnAeW3WOUKcPwlV43ehirCUUuNn0MbANDGuNfUx+D2J+7Dm1QePkQ==}

  '@types/node@24.13.3':
    resolution: {integrity: sha512-Dh8vAsV36ig5wa9OX4pXvMc9D3Veibfw2wix0CUwYODLD8nkj9UsLjASr49nPg+2eKzxhBV+v7L8pXvT4e639Q==}

  '@types/ws@8.18.1':
    resolution: {integrity: sha512-ThVF6DCVhA8kUGy+aazFQ4kXQ7E1Ty7A3ypFOe0IcJV8O/M511G99AW24irKrW56Wt44yG9+ij8FaqoBGkuBXg==}

  sigx@0.15.3:
    resolution: {integrity: sha512-ZmIvK5gR97WsfwXiCdhkQBjSvrPPdlqp2iWHROckQsdwyGUL13uwm+M3YGLA/O05HN1vulxikfxpB1exmtUg9A==}
    engines: {node: ^20.19.0 || >=22.12.0}

  typescript@5.9.3:
    resolution: {integrity: sha512-jl1vZzPDinLr9eUt3J/t7V6FgNEw9QjvBPdysz9KfQDD41fQrC2Y4vKQdiaUpFT4bXlb1RHhLpp8wtm6M5TgSw==}
    engines: {node: '>=14.17'}
    hasBin: true

  undici-types@7.18.2:
    resolution: {integrity: sha512-AsuCzffGHJybSaRrmr5eHr81mwJU3kjw6M+uprWvCXiNeN9SOGwQ3Jn8jb8m3Z6izVgknn1R0FTCEAP2QrLY/w==}

  ws@8.21.3:
    resolution: {integrity: sha512-201TZ/kPWxoPr/OKWjquZR1SWKXcvxdH+e1xrx89b3YbmzLMFCLfnaG1HFIgWzJOEWZ7MvpK++odZufgYR50Rw==}
    engines: {node: '>=10.0.0'}
    peerDependencies:
      bufferutil: ^4.0.1
      utf-8-validate: '>=5.0.2'
    peerDependenciesMeta:
      bufferutil:
        optional: true
      utf-8-validate:
        optional: true

snapshots:

  '@noble/ed25519@3.1.0': {}

  '@noble/hashes@2.3.0': {}

  '@sigx/actors-ws@0.7.0(@sigx/actors@0.7.0(@sigx/reactivity@0.15.3)(@sigx/runtime-core@0.15.3)(@sigx/serialize@0.15.3)(@sigx/server@0.15.3))(ws@8.21.3)':
    dependencies:
      '@sigx/actors': 0.7.0(@sigx/reactivity@0.15.3)(@sigx/runtime-core@0.15.3)(@sigx/serialize@0.15.3)(@sigx/server@0.15.3)
    optionalDependencies:
      ws: 8.21.3

  '@sigx/actors@0.7.0(@sigx/reactivity@0.15.3)(@sigx/runtime-core@0.15.3)(@sigx/serialize@0.15.3)(@sigx/server@0.15.3)':
    dependencies:
      '@sigx/reactivity': 0.15.3
      '@sigx/serialize': 0.15.3
      '@sigx/server': 0.15.3
    optionalDependencies:
      '@sigx/runtime-core': 0.15.3

  '@sigx/reactivity@0.15.3': {}

  '@sigx/runtime-core@0.15.3':
    dependencies:
      '@sigx/reactivity': 0.15.3
      '@sigx/serialize': 0.15.3

  '@sigx/runtime-dom@0.15.3':
    dependencies:
      '@sigx/reactivity': 0.15.3
      '@sigx/runtime-core': 0.15.3

  '@sigx/serialize@0.15.3': {}

  '@sigx/server@0.15.3':
    dependencies:
      '@sigx/serialize': 0.15.3
      sigx: 0.15.3

  '@types/node@24.13.3':
    dependencies:
      undici-types: 7.18.2

  '@types/ws@8.18.1':
    dependencies:
      '@types/node': 24.13.3

  sigx@0.15.3:
    dependencies:
      '@sigx/reactivity': 0.15.3
      '@sigx/runtime-core': 0.15.3
      '@sigx/runtime-dom': 0.15.3

  typescript@5.9.3: {}

  undici-types@7.18.2: {}

  ws@8.21.3: {}
