lockfileVersion: '9.0'

settings:
  autoInstallPeers: true
  excludeLinksFromLockfile: false

importers:

  .:
    devDependencies:
      typescript:
        specifier: ^5.9.3
        version: 5.9.3

  packages/auth:
    dependencies:
      '@noble/ed25519':
        specifier: ^3.0.0
        version: 3.1.0
      '@noble/hashes':
        specifier: ^2.0.0
        version: 2.3.0
      '@zesterm/proto':
        specifier: workspace:*
        version: link:../proto
    devDependencies:
      '@types/node':
        specifier: ^24.10.1
        version: 24.13.3
      typescript:
        specifier: ^5.9.3
        version: 5.9.3

  packages/client:
    dependencies:
      '@zesterm/auth':
        specifier: workspace:*
        version: link:../auth
      '@zesterm/proto':
        specifier: workspace:*
        version: link:../proto
    devDependencies:
      '@types/node':
        specifier: ^24.10.1
        version: 24.13.3
      typescript:
        specifier: ^5.9.3
        version: 5.9.3

  packages/input:
    dependencies:
      '@zesterm/proto':
        specifier: workspace:*
        version: link:../proto
    devDependencies:
      '@types/node':
        specifier: ^24.10.1
        version: 24.13.3
      typescript:
        specifier: ^5.9.3
        version: 5.9.3

  packages/proto:
    devDependencies:
      '@types/node':
        specifier: ^24.10.1
        version: 24.13.3
      typescript:
        specifier: ^5.9.3
        version: 5.9.3

  packages/theme:
    devDependencies:
      '@types/node':
        specifier: ^24.10.1
        version: 24.13.3
      typescript:
        specifier: ^5.9.3
        version: 5.9.3

packages:

  '@noble/ed25519@3.1.0':
    resolution: {integrity: sha512-pfcObRY3CtvwfaG9Mt5XqZdKmAQppl37tHUeuBhDUbiwJBCVY4/A4lbMvb1xKhMDx96AqAqZpMWuBX1HulhX4g==}

  '@noble/hashes@2.3.0':
    resolution: {integrity: sha512-oN+QwyX7VSHotibwubG3kpzbwKrfnyR6OOO+3Nk/53ADL7FmgHHz4TgrbaYKvvOw09u6QTx0oiH1cNCIOuN0CQ==}
    engines: {node: '>= 20.19.0'}

  '@types/node@24.13.3':
    resolution: {integrity: sha512-Dh8vAsV36ig5wa9OX4pXvMc9D3Veibfw2wix0CUwYODLD8nkj9UsLjASr49nPg+2eKzxhBV+v7L8pXvT4e639Q==}

  typescript@5.9.3:
    resolution: {integrity: sha512-jl1vZzPDinLr9eUt3J/t7V6FgNEw9QjvBPdysz9KfQDD41fQrC2Y4vKQdiaUpFT4bXlb1RHhLpp8wtm6M5TgSw==}
    engines: {node: '>=14.17'}
    hasBin: true

  undici-types@7.18.2:
    resolution: {integrity: sha512-AsuCzffGHJybSaRrmr5eHr81mwJU3kjw6M+uprWvCXiNeN9SOGwQ3Jn8jb8m3Z6izVgknn1R0FTCEAP2QrLY/w==}

snapshots:

  '@noble/ed25519@3.1.0': {}

  '@noble/hashes@2.3.0': {}

  '@types/node@24.13.3':
    dependencies:
      undici-types: 7.18.2

  typescript@5.9.3: {}

  undici-types@7.18.2: {}
